
Microsoft Visual Studio Solution File, Format Version 12.00
# Visual Studio 15
VisualStudioVersion = 15.0.27130.2020
MinimumVisualStudioVersion = 10.0.40219.1
Project("{FAE04EC0-301F-11D3-BF4B-00C04F79EFBC}") = "MVCWardrobe", "MVCWardrobe\MVCWardrobe.csproj", "{1FDAA3F5-2643-4CCF-A8CF-5226E0392187}"
EndProject
Global
	GlobalSection(SolutionConfigurationPlatforms) = preSolution
		Debug|Any CPU = Debug|Any CPU
		Release|Any CPU = Release|Any CPU
	EndGlobalSection
	GlobalSection(ProjectConfigurationPlatforms) = postSolution
		{1FDAA3F5-2643-4CCF-A8CF-5226E0392187}.Debug|Any CPU.ActiveCfg = Debug|Any CPU
		{1FDAA3F5-2643-4CCF-A8CF-5226E0392187}.Debug|Any CPU.Build.0 = Debug|Any CPU
		{1FDAA3F5-2643-4CCF-A8CF-5226E0392187}.Release|Any CPU.ActiveCfg = Release|Any CPU
		{1FDAA3F5-2643-4CCF-A8CF-5226E0392187}.Release|Any CPU.Build.0 = Release|Any CPU
	EndGlobalSection
	GlobalSection(SolutionProperties) = preSolution
		HideSolutionNode = FALSE
	EndGlobalSection
	GlobalSection(ExtensibilityGlobals) = postSolution
		SolutionGuid = {227BDC41-19AF-4593-845E-36C8AE10E159}
	EndGlobalSection
EndGlobal
